
Microsoft Visual Studio Solution File, Format Version 12.00
# Visual Studio 15
VisualStudioVersion = 15.0.28307.421
MinimumVisualStudioVersion = 10.0.40219.1
Project("{FAE04EC0-301F-11D3-BF4B-00C04F79EFBC}") = "CalendarQuickstart", "CalendarQuickstart\CalendarQuickstart.csproj", "{FFB621BB-90DB-49FC-8824-007481B3F531}"
EndProject
Project("{FAE04EC0-301F-11D3-BF4B-00C04F79EFBC}") = "CalendarQuickstartTests", "CalendarQuickstartTests\CalendarQuickstartTests.csproj", "{2507DEF3-5ECB-46C4-8C9D-4ACE4DD1383B}"
EndProject
Global
	GlobalSection(SolutionConfigurationPlatforms) = preSolution
		Debug|Any CPU = Debug|Any CPU
		Release|Any CPU = Release|Any CPU
	EndGlobalSection
	GlobalSection(ProjectConfigurationPlatforms) = postSolution
		{FFB621BB-90DB-49FC-8824-007481B3F531}.Debug|Any CPU.ActiveCfg = Debug|Any CPU
		{FFB621BB-90DB-49FC-8824-007481B3F531}.Debug|Any CPU.Build.0 = Debug|Any CPU
		{FFB621BB-90DB-49FC-8824-007481B3F531}.Release|Any CPU.ActiveCfg = Release|Any CPU
		{FFB621BB-90DB-49FC-8824-007481B3F531}.Release|Any CPU.Build.0 = Release|Any CPU
		{2507DEF3-5ECB-46C4-8C9D-4ACE4DD1383B}.Debug|Any CPU.ActiveCfg = Debug|Any CPU
		{2507DEF3-5ECB-46C4-8C9D-4ACE4DD1383B}.Debug|Any CPU.Build.0 = Debug|Any CPU
		{2507DEF3-5ECB-46C4-8C9D-4ACE4DD1383B}.Release|Any CPU.ActiveCfg = Release|Any CPU
		{2507DEF3-5ECB-46C4-8C9D-4ACE4DD1383B}.Release|Any CPU.Build.0 = Release|Any CPU
	EndGlobalSection
	GlobalSection(SolutionProperties) = preSolution
		HideSolutionNode = FALSE
	EndGlobalSection
	GlobalSection(ExtensibilityGlobals) = postSolution
		SolutionGuid = {72B6A44B-8262-4EC1-BDAC-760DF95DA4CB}
	EndGlobalSection
EndGlobal
